
Microsoft Visual Studio Solution File, Format Version 12.00
# Visual Studio Version 17
VisualStudioVersion = 17.3.32825.248
MinimumVisualStudioVersion = 10.0.40219.1
Project("{FAE04EC0-301F-11D3-BF4B-00C04F79EFBC}") = "UnitTest", "UnitTest\UnitTest.csproj", "{67A3E41E-33AB-4BAC-B161-6CA01C1208B1}"
EndProject
Project("{FAE04EC0-301F-11D3-BF4B-00C04F79EFBC}") = "ClassLibrary1", "ClassLibrary1\ClassLibrary1.csproj", "{A6890D10-3578-440B-8F89-5EA794D6BBF4}"
EndProject
Global
	GlobalSection(SolutionConfigurationPlatforms) = preSolution
		Debug|Any CPU = Debug|Any CPU
		Release|Any CPU = Release|Any CPU
	EndGlobalSection
	GlobalSection(ProjectConfigurationPlatforms) = postSolution
		{67A3E41E-33AB-4BAC-B161-6CA01C1208B1}.Debug|Any CPU.ActiveCfg = Debug|Any CPU
		{67A3E41E-33AB-4BAC-B161-6CA01C1208B1}.Debug|Any CPU.Build.0 = Debug|Any CPU
		{67A3E41E-33AB-4BAC-B161-6CA01C1208B1}.Release|Any CPU.ActiveCfg = Release|Any CPU
		{67A3E41E-33AB-4BAC-B161-6CA01C1208B1}.Release|Any CPU.Build.0 = Release|Any CPU
		{A6890D10-3578-440B-8F89-5EA794D6BBF4}.Debug|Any CPU.ActiveCfg = Debug|Any CPU
		{A6890D10-3578-440B-8F89-5EA794D6BBF4}.Debug|Any CPU.Build.0 = Debug|Any CPU
		{A6890D10-3578-440B-8F89-5EA794D6BBF4}.Release|Any CPU.ActiveCfg = Release|Any CPU
		{A6890D10-3578-440B-8F89-5EA794D6BBF4}.Release|Any CPU.Build.0 = Release|Any CPU
	EndGlobalSection
	GlobalSection(SolutionProperties) = preSolution
		HideSolutionNode = FALSE
	EndGlobalSection
	GlobalSection(ExtensibilityGlobals) = postSolution
		SolutionGuid = {70968DD4-D24A-4E35-8113-764402FCE01D}
	EndGlobalSection
EndGlobal
